// !$*UTF8*$!
{
	archiveVersion = 1;
	classes = {
	};
	objectVersion = 52;
	objects = {

/* Begin PBXBuildFile section */
		CF1CEC659B3B24173A97069E /* Pods_TickerTrackr.framework in Frameworks */ = {isa = PBXBuildFile; fileRef = CC6CEA391C591332A9992599 /* Pods_TickerTrackr.framework */; };
		E76125CA24B79DB8005679E2 /* Link.swift in Sources */ = {isa = PBXBuildFile; fileRef = E76125C924B79DB8005679E2 /* Link.swift */; };
		E76125D224B7E1D9005679E2 /* SwiftUIPullToRefresh in Frameworks */ = {isa = PBXBuildFile; productRef = E76125D124B7E1D9005679E2 /* SwiftUIPullToRefresh */; };
		E7B8CE0124B7FFC6001F0F8C /* TickersList.swift in Sources */ = {isa = PBXBuildFile; fileRef = E7B8CE0024B7FFC6001F0F8C /* TickersList.swift */; };
		E7B8CE0324B800D6001F0F8C /* NewsList.swift in Sources */ = {isa = PBXBuildFile; fileRef = E7B8CE0224B800D6001F0F8C /* NewsList.swift */; };
		E7B8CE0524B80A3C001F0F8C /* UserInfo.swift in Sources */ = {isa = PBXBuildFile; fileRef = E7B8CE0424B80A3C001F0F8C /* UserInfo.swift */; };
		E7B8CE0724B80B00001F0F8C /* Extensions.swift in Sources */ = {isa = PBXBuildFile; fileRef = E7B8CE0624B80B00001F0F8C /* Extensions.swift */; };
		E7B8CE0924B80C8E001F0F8C /* CustomShapes.swift in Sources */ = {isa = PBXBuildFile; fileRef = E7B8CE0824B80C8E001F0F8C /* CustomShapes.swift */; };
		E7DFCD8424B0499700A63333 /* TickerButtonView.swift in Sources */ = {isa = PBXBuildFile; fileRef = E7DFCD8324B0499700A63333 /* TickerButtonView.swift */; };
		E7DFCD8624B0524B00A63333 /* NewsBubbleView.swift in Sources */ = {isa = PBXBuildFile; fileRef = E7DFCD8524B0524B00A63333 /* NewsBubbleView.swift */; };
		E7DFCD8924B177A900A63333 /* URLImage in Frameworks */ = {isa = PBXBuildFile; productRef = E7DFCD8824B177A900A63333 /* URLImage */; };
		E7F7C6AD24A465CB00DABFEC /* AppDelegate.swift in Sources */ = {isa = PBXBuildFile; fileRef = E7F7C6AC24A465CB00DABFEC /* AppDelegate.swift */; };
		E7F7C6AF24A465CB00DABFEC /* SceneDelegate.swift in Sources */ = {isa = PBXBuildFile; fileRef = E7F7C6AE24A465CB00DABFEC /* SceneDelegate.swift */; };
		E7F7C6B124A465CB00DABFEC /* ContentView.swift in Sources */ = {isa = PBXBuildFile; fileRef = E7F7C6B024A465CB00DABFEC /* ContentView.swift */; };
		E7F7C6B324A465CF00DABFEC /* Assets.xcassets in Resources */ = {isa = PBXBuildFile; fileRef = E7F7C6B224A465CF00DABFEC /* Assets.xcassets */; };
		E7F7C6B624A465CF00DABFEC /* Preview Assets.xcassets in Resources */ = {isa = PBXBuildFile; fileRef = E7F7C6B524A465CF00DABFEC /* Preview Assets.xcassets */; };
		E7F7C6B924A465CF00DABFEC /* LaunchScreen.storyboard in Resources */ = {isa = PBXBuildFile; fileRef = E7F7C6B724A465CF00DABFEC /* LaunchScreen.storyboard */; };
		E7F7C6C324A4677E00DABFEC /* NetworkManager.swift in Sources */ = {isa = PBXBuildFile; fileRef = E7F7C6C224A4677E00DABFEC /* NetworkManager.swift */; };
		E7F7C6C824A4689F00DABFEC /* WebView.swift in Sources */ = {isa = PBXBuildFile; fileRef = E7F7C6C724A4689F00DABFEC /* WebView.swift */; };
		E7F7C6CA24A468A800DABFEC /* DetailView.swift in Sources */ = {isa = PBXBuildFile; fileRef = E7F7C6C924A468A800DABFEC /* DetailView.swift */; };
		E7F7C6CC24A54CEE00DABFEC /* StockData.swift in Sources */ = {isa = PBXBuildFile; fileRef = E7F7C6CB24A54CEE00DABFEC /* StockData.swift */; };
/* End PBXBuildFile section */

/* Begin PBXFileReference section */
		AE04EE0119AE9EAAE1496533 /* Pods-TickerTrackr.debug.xcconfig */ = {isa = PBXFileReference; includeInIndex = 1; lastKnownFileType = text.xcconfig; name = "Pods-TickerTrackr.debug.xcconfig"; path = "Target Support Files/Pods-TickerTrackr/Pods-TickerTrackr.debug.xcconfig"; sourceTree = "<group>"; };
		CC6CEA391C591332A9992599 /* Pods_TickerTrackr.framework */ = {isa = PBXFileReference; explicitFileType = wrapper.framework; includeInIndex = 0; path = Pods_TickerTrackr.framework; sourceTree = BUILT_PRODUCTS_DIR; };
		DBCB765E2185BDD5CE2E1FDE /* Pods-TickerTrackr.release.xcconfig */ = {isa = PBXFileReference; includeInIndex = 1; lastKnownFileType = text.xcconfig; name = "Pods-TickerTrackr.release.xcconfig"; path = "Target Support Files/Pods-TickerTrackr/Pods-TickerTrackr.release.xcconfig"; sourceTree = "<group>"; };
		E76125C924B79DB8005679E2 /* Link.swift */ = {isa = PBXFileReference; lastKnownFileType = sourcecode.swift; path = Link.swift; sourceTree = "<group>"; };
		E7B8CE0024B7FFC6001F0F8C /* TickersList.swift */ = {isa = PBXFileReference; lastKnownFileType = sourcecode.swift; path = TickersList.swift; sourceTree = "<group>"; };
		E7B8CE0224B800D6001F0F8C /* NewsList.swift */ = {isa = PBXFileReference; lastKnownFileType = sourcecode.swift; path = NewsList.swift; sourceTree = "<group>"; };
		E7B8CE0424B80A3C001F0F8C /* UserInfo.swift */ = {isa = PBXFileReference; lastKnownFileType = sourcecode.swift; path = UserInfo.swift; sourceTree = "<group>"; };
		E7B8CE0624B80B00001F0F8C /* Extensions.swift */ = {isa = PBXFileReference; lastKnownFileType = sourcecode.swift; path = Extensions.swift; sourceTree = "<group>"; };
		E7B8CE0824B80C8E001F0F8C /* CustomShapes.swift */ = {isa = PBXFileReference; lastKnownFileType = sourcecode.swift; path = CustomShapes.swift; sourceTree = "<group>"; };
		E7DFCD8324B0499700A63333 /* TickerButtonView.swift */ = {isa = PBXFileReference; lastKnownFileType = sourcecode.swift; path = TickerButtonView.swift; sourceTree = "<group>"; };
		E7DFCD8524B0524B00A63333 /* NewsBubbleView.swift */ = {isa = PBXFileReference; lastKnownFileType = sourcecode.swift; path = NewsBubbleView.swift; sourceTree = "<group>"; };
		E7F7C6A924A465CB00DABFEC /* TickerTrackr.app */ = {isa = PBXFileReference; explicitFileType = wrapper.application; includeInIndex = 0; path = TickerTrackr.app; sourceTree = BUILT_PRODUCTS_DIR; };
		E7F7C6AC24A465CB00DABFEC /* AppDelegate.swift */ = {isa = PBXFileReference; lastKnownFileType = sourcecode.swift; path = AppDelegate.swift; sourceTree = "<group>"; };
		E7F7C6AE24A465CB00DABFEC /* SceneDelegate.swift */ = {isa = PBXFileReference; lastKnownFileType = sourcecode.swift; path = SceneDelegate.swift; sourceTree = "<group>"; };
		E7F7C6B024A465CB00DABFEC /* ContentView.swift */ = {isa = PBXFileReference; lastKnownFileType = sourcecode.swift; path = ContentView.swift; sourceTree = "<group>"; };
		E7F7C6B224A465CF00DABFEC /* Assets.xcassets */ = {isa = PBXFileReference; lastKnownFileType = folder.assetcatalog; path = Assets.xcassets; sourceTree = "<group>"; };
		E7F7C6B524A465CF00DABFEC /* Preview Assets.xcassets */ = {isa = PBXFileReference; lastKnownFileType = folder.assetcatalog; path = "Preview Assets.xcassets"; sourceTree = "<group>"; };
		E7F7C6B824A465CF00DABFEC /* Base */ = {isa = PBXFileReference; lastKnownFileType = file.storyboard; name = Base; path = Base.lproj/LaunchScreen.storyboard; sourceTree = "<group>"; };
		E7F7C6BA24A465CF00DABFEC /* Info.plist */ = {isa = PBXFileReference; lastKnownFileType = text.plist.xml; path = Info.plist; sourceTree = "<group>"; };
		E7F7C6C024A4669A00DABFEC /* TickerTracker.entitlements */ = {isa = PBXFileReference; lastKnownFileType = text.plist.entitlements; path = TickerTracker.entitlements; sourceTree = "<group>"; };
		E7F7C6C224A4677E00DABFEC /* NetworkManager.swift */ = {isa = PBXFileReference; lastKnownFileType = sourcecode.swift; path = NetworkManager.swift; sourceTree = "<group>"; };
		E7F7C6C724A4689F00DABFEC /* WebView.swift */ = {isa = PBXFileReference; fileEncoding = 4; lastKnownFileType = sourcecode.swift; path = WebView.swift; sourceTree = "<group>"; };
		E7F7C6C924A468A800DABFEC /* DetailView.swift */ = {isa = PBXFileReference; fileEncoding = 4; lastKnownFileType = sourcecode.swift; path = DetailView.swift; sourceTree = "<group>"; };
		E7F7C6CB24A54CEE00DABFEC /* StockData.swift */ = {isa = PBXFileReference; lastKnownFileType = sourcecode.swift; path = StockData.swift; sourceTree = "<group>"; };
/* End PBXFileReference section */

/* Begin PBXFrameworksBuildPhase section */
		E7F7C6A624A465CA00DABFEC /* Frameworks */ = {
			isa = PBXFrameworksBuildPhase;
			buildActionMask = 2147483647;
			files = (
				E7DFCD8924B177A900A63333 /* URLImage in Frameworks */,
				CF1CEC659B3B24173A97069E /* Pods_TickerTrackr.framework in Frameworks */,
				E76125D224B7E1D9005679E2 /* SwiftUIPullToRefresh in Frameworks */,
			);
			runOnlyForDeploymentPostprocessing = 0;
		};
/* End PBXFrameworksBuildPhase section */

/* Begin PBXGroup section */
		10981780534588ED9E10BFB5 /* Pods */ = {
			isa = PBXGroup;
			children = (
				AE04EE0119AE9EAAE1496533 /* Pods-TickerTrackr.debug.xcconfig */,
				DBCB765E2185BDD5CE2E1FDE /* Pods-TickerTrackr.release.xcconfig */,
			);
			path = Pods;
			sourceTree = "<group>";
		};
		2A743960E544414F5E7C4C05 /* Frameworks */ = {
			isa = PBXGroup;
			children = (
				CC6CEA391C591332A9992599 /* Pods_TickerTrackr.framework */,
			);
			name = Frameworks;
			sourceTree = "<group>";
		};
		E76125C824B786F8005679E2 /* VM */ = {
			isa = PBXGroup;
			children = (
				E76125C924B79DB8005679E2 /* Link.swift */,
			);
			path = VM;
			sourceTree = "<group>";
		};
		E7F7C6A024A465CA00DABFEC = {
			isa = PBXGroup;
			children = (
				E7F7C6AB24A465CB00DABFEC /* TickerTracker */,
				E7F7C6AA24A465CB00DABFEC /* Products */,
				10981780534588ED9E10BFB5 /* Pods */,
				2A743960E544414F5E7C4C05 /* Frameworks */,
			);
			sourceTree = "<group>";
		};
		E7F7C6AA24A465CB00DABFEC /* Products */ = {
			isa = PBXGroup;
			children = (
				E7F7C6A924A465CB00DABFEC /* TickerTrackr.app */,
			);
			name = Products;
			sourceTree = "<group>";
		};
		E7F7C6AB24A465CB00DABFEC /* TickerTracker */ = {
			isa = PBXGroup;
			children = (
				E76125C824B786F8005679E2 /* VM */,
				E7F7C6C624A4688B00DABFEC /* Views */,
				E7F7C6C124A4676600DABFEC /* Models */,
				E7F7C6C024A4669A00DABFEC /* TickerTracker.entitlements */,
				E7F7C6AC24A465CB00DABFEC /* AppDelegate.swift */,
				E7F7C6AE24A465CB00DABFEC /* SceneDelegate.swift */,
				E7F7C6B224A465CF00DABFEC /* Assets.xcassets */,
				E7F7C6B724A465CF00DABFEC /* LaunchScreen.storyboard */,
				E7F7C6BA24A465CF00DABFEC /* Info.plist */,
				E7F7C6B424A465CF00DABFEC /* Preview Content */,
				E7B8CE0624B80B00001F0F8C /* Extensions.swift */,
				E7B8CE0824B80C8E001F0F8C /* CustomShapes.swift */,
			);
			path = TickerTracker;
			sourceTree = "<group>";
		};
		E7F7C6B424A465CF00DABFEC /* Preview Content */ = {
			isa = PBXGroup;
			children = (
				E7F7C6B524A465CF00DABFEC /* Preview Assets.xcassets */,
			);
			path = "Preview Content";
			sourceTree = "<group>";
		};
		E7F7C6C124A4676600DABFEC /* Models */ = {
			isa = PBXGroup;
			children = (
				E7F7C6C224A4677E00DABFEC /* NetworkManager.swift */,
				E7F7C6CB24A54CEE00DABFEC /* StockData.swift */,
				E7B8CE0424B80A3C001F0F8C /* UserInfo.swift */,
			);
			path = Models;
			sourceTree = "<group>";
		};
		E7F7C6C624A4688B00DABFEC /* Views */ = {
			isa = PBXGroup;
			children = (
				E7F7C6B024A465CB00DABFEC /* ContentView.swift */,
				E7F7C6C924A468A800DABFEC /* DetailView.swift */,
				E7F7C6C724A4689F00DABFEC /* WebView.swift */,
				E7DFCD8324B0499700A63333 /* TickerButtonView.swift */,
				E7DFCD8524B0524B00A63333 /* NewsBubbleView.swift */,
				E7B8CE0024B7FFC6001F0F8C /* TickersList.swift */,
				E7B8CE0224B800D6001F0F8C /* NewsList.swift */,
			);
			path = Views;
			sourceTree = "<group>";
		};
/* End PBXGroup section */

/* Begin PBXNativeTarget section */
		E7F7C6A824A465CA00DABFEC /* TickerTrackr */ = {
			isa = PBXNativeTarget;
			buildConfigurationList = E7F7C6BD24A465CF00DABFEC /* Build configuration list for PBXNativeTarget "TickerTrackr" */;
			buildPhases = (
				BD4167B00CA70DD922690BE1 /* [CP] Check Pods Manifest.lock */,
				E7F7C6A524A465CA00DABFEC /* Sources */,
				E7F7C6A624A465CA00DABFEC /* Frameworks */,
				E7F7C6A724A465CA00DABFEC /* Resources */,
				02A0C7F1CFEB086C6C592AAC /* [CP] Embed Pods Frameworks */,
			);
			buildRules = (
			);
			dependencies = (
			);
			name = TickerTrackr;
			packageProductDependencies = (
				E7DFCD8824B177A900A63333 /* URLImage */,
				E76125D124B7E1D9005679E2 /* SwiftUIPullToRefresh */,
			);
			productName = TickerTracker;
			productReference = E7F7C6A924A465CB00DABFEC /* TickerTrackr.app */;
			productType = "com.apple.product-type.application";
		};
/* End PBXNativeTarget section */

/* Begin PBXProject section */
		E7F7C6A124A465CA00DABFEC /* Project object */ = {
			isa = PBXProject;
			attributes = {
				LastSwiftUpdateCheck = 1150;
				LastUpgradeCheck = 1150;
				ORGANIZATIONNAME = "Viachaslau Pashaliuk";
				TargetAttributes = {
					E7F7C6A824A465CA00DABFEC = {
						CreatedOnToolsVersion = 11.5;
					};
				};
			};
			buildConfigurationList = E7F7C6A424A465CA00DABFEC /* Build configuration list for PBXProject "TickerTrackr" */;
			compatibilityVersion = "Xcode 9.3";
			developmentRegion = en;
			hasScannedForEncodings = 0;
			knownRegions = (
				en,
				Base,
			);
			mainGroup = E7F7C6A024A465CA00DABFEC;
			packageReferences = (
				E7DFCD8724B177A900A63333 /* XCRemoteSwiftPackageReference "url-image" */,
				E76125D024B7E1D9005679E2 /* XCRemoteSwiftPackageReference "SwiftUI-PullToRefresh" */,
			);
			productRefGroup = E7F7C6AA24A465CB00DABFEC /* Products */;
			projectDirPath = "";
			projectRoot = "";
			targets = (
				E7F7C6A824A465CA00DABFEC /* TickerTrackr */,
			);
		};
/* End PBXProject section */

/* Begin PBXResourcesBuildPhase section */
		E7F7C6A724A465CA00DABFEC /* Resources */ = {
			isa = PBXResourcesBuildPhase;
			buildActionMask = 2147483647;
			files = (
				E7F7C6B924A465CF00DABFEC /* LaunchScreen.storyboard in Resources */,
				E7F7C6B624A465CF00DABFEC /* Preview Assets.xcassets in Resources */,
				E7F7C6B324A465CF00DABFEC /* Assets.xcassets in Resources */,
			);
			runOnlyForDeploymentPostprocessing = 0;
		};
/* End PBXResourcesBuildPhase section */

/* Begin PBXShellScriptBuildPhase section */
		02A0C7F1CFEB086C6C592AAC /* [CP] Embed Pods Frameworks */ = {
			isa = PBXShellScriptBuildPhase;
			buildActionMask = 2147483647;
			files = (
			);
			inputFileListPaths = (
				"${PODS_ROOT}/Target Support Files/Pods-TickerTrackr/Pods-TickerTrackr-frameworks-${CONFIGURATION}-input-files.xcfilelist",
			);
			name = "[CP] Embed Pods Frameworks";
			outputFileListPaths = (
				"${PODS_ROOT}/Target Support Files/Pods-TickerTrackr/Pods-TickerTrackr-frameworks-${CONFIGURATION}-output-files.xcfilelist",
			);
			runOnlyForDeploymentPostprocessing = 0;
			shellPath = /bin/sh;
			shellScript = "\"${PODS_ROOT}/Target Support Files/Pods-TickerTrackr/Pods-TickerTrackr-frameworks.sh\"\n";
			showEnvVarsInLog = 0;
		};
		BD4167B00CA70DD922690BE1 /* [CP] Check Pods Manifest.lock */ = {
			isa = PBXShellScriptBuildPhase;
			buildActionMask = 2147483647;
			files = (
			);
			inputFileListPaths = (
			);
			inputPaths = (
				"${PODS_PODFILE_DIR_PATH}/Podfile.lock",
				"${PODS_ROOT}/Manifest.lock",
			);
			name = "[CP] Check Pods Manifest.lock";
			outputFileListPaths = (
			);
			outputPaths = (
				"$(DERIVED_FILE_DIR)/Pods-TickerTrackr-checkManifestLockResult.txt",
			);
			runOnlyForDeploymentPostprocessing = 0;
			shellPath = /bin/sh;
			shellScript = "diff \"${PODS_PODFILE_DIR_PATH}/Podfile.lock\" \"${PODS_ROOT}/Manifest.lock\" > /dev/null\nif [ $? != 0 ] ; then\n    # print error to STDERR\n    echo \"error: The sandbox is not in sync with the Podfile.lock. Run 'pod install' or update your CocoaPods installation.\" >&2\n    exit 1\nfi\n# This output is used by Xcode 'outputs' to avoid re-running this script phase.\necho \"SUCCESS\" > \"${SCRIPT_OUTPUT_FILE_0}\"\n";
			showEnvVarsInLog = 0;
		};
/* End PBXShellScriptBuildPhase section */

/* Begin PBXSourcesBuildPhase section */
		E7F7C6A524A465CA00DABFEC /* Sources */ = {
			isa = PBXSourcesBuildPhase;
			buildActionMask = 2147483647;
			files = (
				E7B8CE0924B80C8E001F0F8C /* CustomShapes.swift in Sources */,
				E7F7C6CC24A54CEE00DABFEC /* StockData.swift in Sources */,
				E7F7C6C324A4677E00DABFEC /* NetworkManager.swift in Sources */,
				E7DFCD8424B0499700A63333 /* TickerButtonView.swift in Sources */,
				E7B8CE0124B7FFC6001F0F8C /* TickersList.swift in Sources */,
				E7F7C6AD24A465CB00DABFEC /* AppDelegate.swift in Sources */,
				E7F7C6CA24A468A800DABFEC /* DetailView.swift in Sources */,
				E7B8CE0324B800D6001F0F8C /* NewsList.swift in Sources */,
				E7F7C6C824A4689F00DABFEC /* WebView.swift in Sources */,
				E7B8CE0524B80A3C001F0F8C /* UserInfo.swift in Sources */,
				E7F7C6AF24A465CB00DABFEC /* SceneDelegate.swift in Sources */,
				E7DFCD8624B0524B00A63333 /* NewsBubbleView.swift in Sources */,
				E7F7C6B124A465CB00DABFEC /* ContentView.swift in Sources */,
				E76125CA24B79DB8005679E2 /* Link.swift in Sources */,
				E7B8CE0724B80B00001F0F8C /* Extensions.swift in Sources */,
			);
			runOnlyForDeploymentPostprocessing = 0;
		};
/* End PBXSourcesBuildPhase section */

/* Begin PBXVariantGroup section */
		E7F7C6B724A465CF00DABFEC /* LaunchScreen.storyboard */ = {
			isa = PBXVariantGroup;
			children = (
				E7F7C6B824A465CF00DABFEC /* Base */,
			);
			name = LaunchScreen.storyboard;
			sourceTree = "<group>";
		};
/* End PBXVariantGroup section */

/* Begin XCBuildConfiguration section */
		E7F7C6BB24A465CF00DABFEC /* Debug */ = {
			isa = XCBuildConfiguration;
			buildSettings = {
				ALWAYS_SEARCH_USER_PATHS = NO;
				CLANG_ANALYZER_NONNULL = YES;
				CLANG_ANALYZER_NUMBER_OBJECT_CONVERSION = YES_AGGRESSIVE;
				CLANG_CXX_LANGUAGE_STANDARD = "gnu++14";
				CLANG_CXX_LIBRARY = "libc++";
				CLANG_ENABLE_MODULES = YES;
				CLANG_ENABLE_OBJC_ARC = YES;
				CLANG_ENABLE_OBJC_WEAK = YES;
				CLANG_WARN_BLOCK_CAPTURE_AUTORELEASING = YES;
				CLANG_WARN_BOOL_CONVERSION = YES;
				CLANG_WARN_COMMA = YES;
				CLANG_WARN_CONSTANT_CONVERSION = YES;
				CLANG_WARN_DEPRECATED_OBJC_IMPLEMENTATIONS = YES;
				CLANG_WARN_DIRECT_OBJC_ISA_USAGE = YES_ERROR;
				CLANG_WARN_DOCUMENTATION_COMMENTS = YES;
				CLANG_WARN_EMPTY_BODY = YES;
				CLANG_WARN_ENUM_CONVERSION = YES;
				CLANG_WARN_INFINITE_RECURSION = YES;
				CLANG_WARN_INT_CONVERSION = YES;
				CLANG_WARN_NON_LITERAL_NULL_CONVERSION = YES;
				CLANG_WARN_OBJC_IMPLICIT_RETAIN_SELF = YES;
				CLANG_WARN_OBJC_LITERAL_CONVERSION = YES;
				CLANG_WARN_OBJC_ROOT_CLASS = YES_ERROR;
				CLANG_WARN_RANGE_LOOP_ANALYSIS = YES;
				CLANG_WARN_STRICT_PROTOTYPES = YES;
				CLANG_WARN_SUSPICIOUS_MOVE = YES;
				CLANG_WARN_UNGUARDED_AVAILABILITY = YES_AGGRESSIVE;
				CLANG_WARN_UNREACHABLE_CODE = YES;
				CLANG_WARN__DUPLICATE_METHOD_MATCH = YES;
				COPY_PHASE_STRIP = NO;
				DEBUG_INFORMATION_FORMAT = dwarf;
				ENABLE_STRICT_OBJC_MSGSEND = YES;
				ENABLE_TESTABILITY = YES;
				GCC_C_LANGUAGE_STANDARD = gnu11;
				GCC_DYNAMIC_NO_PIC = NO;
				GCC_NO_COMMON_BLOCKS = YES;
				GCC_OPTIMIZATION_LEVEL = 0;
				GCC_PREPROCESSOR_DEFINITIONS = (
					"DEBUG=1",
					"$(inherited)",
				);
				GCC_WARN_64_TO_32_BIT_CONVERSION = YES;
				GCC_WARN_ABOUT_RETURN_TYPE = YES_ERROR;
				GCC_WARN_UNDECLARED_SELECTOR = YES;
				GCC_WARN_UNINITIALIZED_AUTOS = YES_AGGRESSIVE;
				GCC_WARN_UNUSED_FUNCTION = YES;
				GCC_WARN_UNUSED_VARIABLE = YES;
				IPHONEOS_DEPLOYMENT_TARGET = 13.5;
				MTL_ENABLE_DEBUG_INFO = INCLUDE_SOURCE;
				MTL_FAST_MATH = YES;
				ONLY_ACTIVE_ARCH = YES;
				SDKROOT = iphoneos;
				SWIFT_ACTIVE_COMPILATION_CONDITIONS = DEBUG;
				SWIFT_OPTIMIZATION_LEVEL = "-Onone";
			};
			name = Debug;
		};
		E7F7C6BC24A465CF00DABFEC /* Release */ = {
			isa = XCBuildConfiguration;
			buildSettings = {
				ALWAYS_SEARCH_USER_PATHS = NO;
				CLANG_ANALYZER_NONNULL = YES;
				CLANG_ANALYZER_NUMBER_OBJECT_CONVERSION = YES_AGGRESSIVE;
				CLANG_CXX_LANGUAGE_STANDARD = "gnu++14";
				CLANG_CXX_LIBRARY = "libc++";
				CLANG_ENABLE_MODULES = YES;
				CLANG_ENABLE_OBJC_ARC = YES;
				CLANG_ENABLE_OBJC_WEAK = YES;
				CLANG_WARN_BLOCK_CAPTURE_AUTORELEASING = YES;
				CLANG_WARN_BOOL_CONVERSION = YES;
				CLANG_WARN_COMMA = YES;
				CLANG_WARN_CONSTANT_CONVERSION = YES;
				CLANG_WARN_DEPRECATED_OBJC_IMPLEMENTATIONS = YES;
				CLANG_WARN_DIRECT_OBJC_ISA_USAGE = YES_ERROR;
				CLANG_WARN_DOCUMENTATION_COMMENTS = YES;
				CLANG_WARN_EMPTY_BODY = YES;
				CLANG_WARN_ENUM_CONVERSION = YES;
				CLANG_WARN_INFINITE_RECURSION = YES;
				CLANG_WARN_INT_CONVERSION = YES;
				CLANG_WARN_NON_LITERAL_NULL_CONVERSION = YES;
				CLANG_WARN_OBJC_IMPLICIT_RETAIN_SELF = YES;
				CLANG_WARN_OBJC_LITERAL_CONVERSION = YES;
				CLANG_WARN_OBJC_ROOT_CLASS = YES_ERROR;
				CLANG_WARN_RANGE_LOOP_ANALYSIS = YES;
				CLANG_WARN_STRICT_PROTOTYPES = YES;
				CLANG_WARN_SUSPICIOUS_MOVE = YES;
				CLANG_WARN_UNGUARDED_AVAILABILITY = YES_AGGRESSIVE;
				CLANG_WARN_UNREACHABLE_CODE = YES;
				CLANG_WARN__DUPLICATE_METHOD_MATCH = YES;
				COPY_PHASE_STRIP = NO;
				DEBUG_INFORMATION_FORMAT = "dwarf-with-dsym";
				ENABLE_NS_ASSERTIONS = NO;
				ENABLE_STRICT_OBJC_MSGSEND = YES;
				GCC_C_LANGUAGE_STANDARD = gnu11;
				GCC_NO_COMMON_BLOCKS = YES;
				GCC_WARN_64_TO_32_BIT_CONVERSION = YES;
				GCC_WARN_ABOUT_RETURN_TYPE = YES_ERROR;
				GCC_WARN_UNDECLARED_SELECTOR = YES;
				GCC_WARN_UNINITIALIZED_AUTOS = YES_AGGRESSIVE;
				GCC_WARN_UNUSED_FUNCTION = YES;
				GCC_WARN_UNUSED_VARIABLE = YES;
				IPHONEOS_DEPLOYMENT_TARGET = 13.5;
				MTL_ENABLE_DEBUG_INFO = NO;
				MTL_FAST_MATH = YES;
				SDKROOT = iphoneos;
				SWIFT_COMPILATION_MODE = wholemodule;
				SWIFT_OPTIMIZATION_LEVEL = "-O";
				VALIDATE_PRODUCT = YES;
			};
			name = Release;
		};
		E7F7C6BE24A465CF00DABFEC /* Debug */ = {
			isa = XCBuildConfiguration;
			baseConfigurationReference = AE04EE0119AE9EAAE1496533 /* Pods-TickerTrackr.debug.xcconfig */;
			buildSettings = {
				ASSETCATALOG_COMPILER_APPICON_NAME = AppIcon;
				CODE_SIGN_ENTITLEMENTS = TickerTracker/TickerTracker.entitlements;
				"CODE_SIGN_IDENTITY[sdk=macosx*]" = "-";
				CODE_SIGN_STYLE = Automatic;
				DEVELOPMENT_ASSET_PATHS = "\"TickerTracker/Preview Content\"";
				DEVELOPMENT_TEAM = PNRKF3G2Z5;
				ENABLE_PREVIEWS = YES;
				INFOPLIST_FILE = TickerTracker/Info.plist;
				LD_RUNPATH_SEARCH_PATHS = (
					"$(inherited)",
					"@executable_path/Frameworks",
				);
				PRODUCT_BUNDLE_IDENTIFIER = com.viachaslaupashaliuk.TickerTrackr;
				PRODUCT_NAME = TickerTrackr;
				SUPPORTS_MACCATALYST = YES;
				SWIFT_VERSION = 5.0;
				TARGETED_DEVICE_FAMILY = "1,2";
			};
			name = Debug;
		};
		E7F7C6BF24A465CF00DABFEC /* Release */ = {
			isa = XCBuildConfiguration;
			baseConfigurationReference = DBCB765E2185BDD5CE2E1FDE /* Pods-TickerTrackr.release.xcconfig */;
			buildSettings = {
				ASSETCATALOG_COMPILER_APPICON_NAME = AppIcon;
				CODE_SIGN_ENTITLEMENTS = TickerTracker/TickerTracker.entitlements;
				"CODE_SIGN_IDENTITY[sdk=macosx*]" = "-";
				CODE_SIGN_STYLE = Automatic;
				DEVELOPMENT_ASSET_PATHS = "\"TickerTracker/Preview Content\"";
				DEVELOPMENT_TEAM = PNRKF3G2Z5;
				ENABLE_PREVIEWS = YES;
				INFOPLIST_FILE = TickerTracker/Info.plist;
				LD_RUNPATH_SEARCH_PATHS = (
					"$(inherited)",
					"@executable_path/Frameworks",
				);
				PRODUCT_BUNDLE_IDENTIFIER = com.viachaslaupashaliuk.TickerTrackr;
				PRODUCT_NAME = TickerTrackr;
				SUPPORTS_MACCATALYST = YES;
				SWIFT_VERSION = 5.0;
				TARGETED_DEVICE_FAMILY = "1,2";
			};
			name = Release;
		};
/* End XCBuildConfiguration section */

/* Begin XCConfigurationList section */
		E7F7C6A424A465CA00DABFEC /* Build configuration list for PBXProject "TickerTrackr" */ = {
			isa = XCConfigurationList;
			buildConfigurations = (
				E7F7C6BB24A465CF00DABFEC /* Debug */,
				E7F7C6BC24A465CF00DABFEC /* Release */,
			);
			defaultConfigurationIsVisible = 0;
			defaultConfigurationName = Release;
		};
		E7F7C6BD24A465CF00DABFEC /* Build configuration list for PBXNativeTarget "TickerTrackr" */ = {
			isa = XCConfigurationList;
			buildConfigurations = (
				E7F7C6BE24A465CF00DABFEC /* Debug */,
				E7F7C6BF24A465CF00DABFEC /* Release */,
			);
			defaultConfigurationIsVisible = 0;
			defaultConfigurationName = Release;
		};
/* End XCConfigurationList section */

/* Begin XCRemoteSwiftPackageReference section */
		E76125D024B7E1D9005679E2 /* XCRemoteSwiftPackageReference "SwiftUI-PullToRefresh" */ = {
			isa = XCRemoteSwiftPackageReference;
			repositoryURL = "https://github.com/phuhuynh2411/SwiftUI-PullToRefresh.git";
			requirement = {
				kind = upToNextMajorVersion;
				minimumVersion = 1.0.6;
			};
		};
		E7DFCD8724B177A900A63333 /* XCRemoteSwiftPackageReference "url-image" */ = {
			isa = XCRemoteSwiftPackageReference;
			repositoryURL = "https://github.com/dmytro-anokhin/url-image.git";
			requirement = {
				kind = upToNextMajorVersion;
				minimumVersion = 0.9.18;
			};
		};
/* End XCRemoteSwiftPackageReference section */

/* Begin XCSwiftPackageProductDependency section */
		E76125D124B7E1D9005679E2 /* SwiftUIPullToRefresh */ = {
			isa = XCSwiftPackageProductDependency;
			package = E76125D024B7E1D9005679E2 /* XCRemoteSwiftPackageReference "SwiftUI-PullToRefresh" */;
			productName = SwiftUIPullToRefresh;
		};
		E7DFCD8824B177A900A63333 /* URLImage */ = {
			isa = XCSwiftPackageProductDependency;
			package = E7DFCD8724B177A900A63333 /* XCRemoteSwiftPackageReference "url-image" */;
			productName = URLImage;
		};
/* End XCSwiftPackageProductDependency section */
	};
	rootObject = E7F7C6A124A465CA00DABFEC /* Project object */;
}
